
Microsoft Visual Studio Solution File, Format Version 12.00
# Visual Studio 14
VisualStudioVersion = 14.0.24720.0
MinimumVisualStudioVersion = 10.0.40219.1
Project("{FAE04EC0-301F-11D3-BF4B-00C04F79EFBC}") = "Deskband", "Deskband\Deskband.csproj", "{46ACE0DB-93C7-44FA-BA6E-CB863318F33F}"
EndProject
Project("{8BC9CEB8-8B4A-11D0-8D11-00A0C91BC942}") = "DeskbandPlugin", "DeskbandPlugin\DeskbandPlugin.vcxproj", "{9CF88AF9-E0EE-4AA2-BF4F-BC510099575A}"
EndProject
Project("{8BC9CEB8-8B4A-11D0-8D11-00A0C91BC942}") = "DeskbandBridge", "DeskbandBridge\DeskbandBridge.vcxproj", "{E8118EFE-0F51-4BDA-A728-A69636C48631}"
EndProject
Project("{8BC9CEB8-8B4A-11D0-8D11-00A0C91BC942}") = "pfc", "foobar2000_sdk\pfc\pfc.vcxproj", "{EBFFFB4E-261D-44D3-B89C-957B31A0BF9C}"
EndProject
Project("{8BC9CEB8-8B4A-11D0-8D11-00A0C91BC942}") = "foobar2000_SDK", "foobar2000_sdk\foobar2000\SDK\foobar2000_SDK.vcxproj", "{E8091321-D79D-4575-86EF-064EA1A4A20D}"
EndProject
Project("{8BC9CEB8-8B4A-11D0-8D11-00A0C91BC942}") = "foobar2000_component_client", "foobar2000_sdk\foobar2000\foobar2000_component_client\foobar2000_component_client.vcxproj", "{71AD2674-065B-48F5-B8B0-E1F9D3892081}"
EndProject
Project("{FAE04EC0-301F-11D3-BF4B-00C04F79EFBC}") = "Deskband.Core", "Deskband.Core\Deskband.Core.csproj", "{C6B667F2-FD55-4BF6-8266-AEF34FDF1F62}"
EndProject
Project("{FAE04EC0-301F-11D3-BF4B-00C04F79EFBC}") = "dcmFoobar2000", "dcmFoobar2000\dcmFoobar2000.csproj", "{ECCDADD3-1732-4F31-8548-1A7F81A037BF}"
EndProject
Project("{FAE04EC0-301F-11D3-BF4B-00C04F79EFBC}") = "dcmWeather", "dcmWeather\dcmWeather.csproj", "{03B4455B-57AA-4389-AE1F-90D899E3D8E0}"
EndProject
Global
	GlobalSection(SolutionConfigurationPlatforms) = preSolution
		Debug|Any CPU = Debug|Any CPU
		Debug|Win32 = Debug|Win32
		Release|Any CPU = Release|Any CPU
		Release|Win32 = Release|Win32
	EndGlobalSection
	GlobalSection(ProjectConfigurationPlatforms) = postSolution
		{46ACE0DB-93C7-44FA-BA6E-CB863318F33F}.Debug|Any CPU.ActiveCfg = Debug|Any CPU
		{46ACE0DB-93C7-44FA-BA6E-CB863318F33F}.Debug|Any CPU.Build.0 = Debug|Any CPU
		{46ACE0DB-93C7-44FA-BA6E-CB863318F33F}.Debug|Win32.ActiveCfg = Debug|Any CPU
		{46ACE0DB-93C7-44FA-BA6E-CB863318F33F}.Debug|Win32.Build.0 = Debug|Any CPU
		{46ACE0DB-93C7-44FA-BA6E-CB863318F33F}.Release|Any CPU.ActiveCfg = Release|Any CPU
		{46ACE0DB-93C7-44FA-BA6E-CB863318F33F}.Release|Any CPU.Build.0 = Release|Any CPU
		{46ACE0DB-93C7-44FA-BA6E-CB863318F33F}.Release|Win32.ActiveCfg = Release|Any CPU
		{46ACE0DB-93C7-44FA-BA6E-CB863318F33F}.Release|Win32.Build.0 = Release|Any CPU
		{9CF88AF9-E0EE-4AA2-BF4F-BC510099575A}.Debug|Any CPU.ActiveCfg = Debug|Win32
		{9CF88AF9-E0EE-4AA2-BF4F-BC510099575A}.Debug|Win32.ActiveCfg = Debug|Win32
		{9CF88AF9-E0EE-4AA2-BF4F-BC510099575A}.Debug|Win32.Build.0 = Debug|Win32
		{9CF88AF9-E0EE-4AA2-BF4F-BC510099575A}.Release|Any CPU.ActiveCfg = Release|Win32
		{9CF88AF9-E0EE-4AA2-BF4F-BC510099575A}.Release|Win32.ActiveCfg = Release|Win32
		{9CF88AF9-E0EE-4AA2-BF4F-BC510099575A}.Release|Win32.Build.0 = Release|Win32
		{E8118EFE-0F51-4BDA-A728-A69636C48631}.Debug|Any CPU.ActiveCfg = Debug|Win32
		{E8118EFE-0F51-4BDA-A728-A69636C48631}.Debug|Win32.ActiveCfg = Debug|Win32
		{E8118EFE-0F51-4BDA-A728-A69636C48631}.Debug|Win32.Build.0 = Debug|Win32
		{E8118EFE-0F51-4BDA-A728-A69636C48631}.Release|Any CPU.ActiveCfg = Release|Win32
		{E8118EFE-0F51-4BDA-A728-A69636C48631}.Release|Win32.ActiveCfg = Release|Win32
		{E8118EFE-0F51-4BDA-A728-A69636C48631}.Release|Win32.Build.0 = Release|Win32
		{EBFFFB4E-261D-44D3-B89C-957B31A0BF9C}.Debug|Any CPU.ActiveCfg = Debug|Win32
		{EBFFFB4E-261D-44D3-B89C-957B31A0BF9C}.Debug|Win32.ActiveCfg = Debug|Win32
		{EBFFFB4E-261D-44D3-B89C-957B31A0BF9C}.Debug|Win32.Build.0 = Debug|Win32
		{EBFFFB4E-261D-44D3-B89C-957B31A0BF9C}.Release|Any CPU.ActiveCfg = Release|Win32
		{EBFFFB4E-261D-44D3-B89C-957B31A0BF9C}.Release|Win32.ActiveCfg = Release|Win32
		{EBFFFB4E-261D-44D3-B89C-957B31A0BF9C}.Release|Win32.Build.0 = Release|Win32
		{E8091321-D79D-4575-86EF-064EA1A4A20D}.Debug|Any CPU.ActiveCfg = Debug|Win32
		{E8091321-D79D-4575-86EF-064EA1A4A20D}.Debug|Win32.ActiveCfg = Debug|Win32
		{E8091321-D79D-4575-86EF-064EA1A4A20D}.Debug|Win32.Build.0 = Debug|Win32
		{E8091321-D79D-4575-86EF-064EA1A4A20D}.Release|Any CPU.ActiveCfg = Release|Win32
		{E8091321-D79D-4575-86EF-064EA1A4A20D}.Release|Win32.ActiveCfg = Release|Win32
		{E8091321-D79D-4575-86EF-064EA1A4A20D}.Release|Win32.Build.0 = Release|Win32
		{71AD2674-065B-48F5-B8B0-E1F9D3892081}.Debug|Any CPU.ActiveCfg = Debug|Win32
		{71AD2674-065B-48F5-B8B0-E1F9D3892081}.Debug|Win32.ActiveCfg = Debug|Win32
		{71AD2674-065B-48F5-B8B0-E1F9D3892081}.Debug|Win32.Build.0 = Debug|Win32
		{71AD2674-065B-48F5-B8B0-E1F9D3892081}.Release|Any CPU.ActiveCfg = Release|Win32
		{71AD2674-065B-48F5-B8B0-E1F9D3892081}.Release|Win32.ActiveCfg = Release|Win32
		{71AD2674-065B-48F5-B8B0-E1F9D3892081}.Release|Win32.Build.0 = Release|Win32
		{C6B667F2-FD55-4BF6-8266-AEF34FDF1F62}.Debug|Any CPU.ActiveCfg = Debug|Any CPU
		{C6B667F2-FD55-4BF6-8266-AEF34FDF1F62}.Debug|Any CPU.Build.0 = Debug|Any CPU
		{C6B667F2-FD55-4BF6-8266-AEF34FDF1F62}.Debug|Win32.ActiveCfg = Debug|Any CPU
		{C6B667F2-FD55-4BF6-8266-AEF34FDF1F62}.Debug|Win32.Build.0 = Debug|Any CPU
		{C6B667F2-FD55-4BF6-8266-AEF34FDF1F62}.Release|Any CPU.ActiveCfg = Release|Any CPU
		{C6B667F2-FD55-4BF6-8266-AEF34FDF1F62}.Release|Any CPU.Build.0 = Release|Any CPU
		{C6B667F2-FD55-4BF6-8266-AEF34FDF1F62}.Release|Win32.ActiveCfg = Release|Any CPU
		{C6B667F2-FD55-4BF6-8266-AEF34FDF1F62}.Release|Win32.Build.0 = Release|Any CPU
		{ECCDADD3-1732-4F31-8548-1A7F81A037BF}.Debug|Any CPU.ActiveCfg = Debug|Any CPU
		{ECCDADD3-1732-4F31-8548-1A7F81A037BF}.Debug|Any CPU.Build.0 = Debug|Any CPU
		{ECCDADD3-1732-4F31-8548-1A7F81A037BF}.Debug|Win32.ActiveCfg = Debug|Any CPU
		{ECCDADD3-1732-4F31-8548-1A7F81A037BF}.Debug|Win32.Build.0 = Debug|Any CPU
		{ECCDADD3-1732-4F31-8548-1A7F81A037BF}.Release|Any CPU.ActiveCfg = Release|Any CPU
		{ECCDADD3-1732-4F31-8548-1A7F81A037BF}.Release|Any CPU.Build.0 = Release|Any CPU
		{ECCDADD3-1732-4F31-8548-1A7F81A037BF}.Release|Win32.ActiveCfg = Release|Any CPU
		{ECCDADD3-1732-4F31-8548-1A7F81A037BF}.Release|Win32.Build.0 = Release|Any CPU
		{03B4455B-57AA-4389-AE1F-90D899E3D8E0}.Debug|Any CPU.ActiveCfg = Debug|Any CPU
		{03B4455B-57AA-4389-AE1F-90D899E3D8E0}.Debug|Any CPU.Build.0 = Debug|Any CPU
		{03B4455B-57AA-4389-AE1F-90D899E3D8E0}.Debug|Win32.ActiveCfg = Debug|Any CPU
		{03B4455B-57AA-4389-AE1F-90D899E3D8E0}.Debug|Win32.Build.0 = Debug|Any CPU
		{03B4455B-57AA-4389-AE1F-90D899E3D8E0}.Release|Any CPU.ActiveCfg = Release|Any CPU
		{03B4455B-57AA-4389-AE1F-90D899E3D8E0}.Release|Any CPU.Build.0 = Release|Any CPU
		{03B4455B-57AA-4389-AE1F-90D899E3D8E0}.Release|Win32.ActiveCfg = Release|Any CPU
		{03B4455B-57AA-4389-AE1F-90D899E3D8E0}.Release|Win32.Build.0 = Release|Any CPU
	EndGlobalSection
	GlobalSection(SolutionProperties) = preSolution
		HideSolutionNode = FALSE
	EndGlobalSection
EndGlobal
